
Microsoft Visual Studio Solution File, Format Version 12.00
# Visual Studio Version 17
VisualStudioVersion = 17.10.34916.146
MinimumVisualStudioVersion = 10.0.40219.1
Project("{FAE04EC0-301F-11D3-BF4B-00C04F79EFBC}") = "MathQuizApp", "MathQuizApp.csproj", "{97B10E3F-3F57-4924-A2A3-039BA9BC4936}"
EndProject
Global
	GlobalSection(SolutionConfigurationPlatforms) = preSolution
		Debug|Any CPU = Debug|Any CPU
		Release|Any CPU = Release|Any CPU
	EndGlobalSection
	GlobalSection(ProjectConfigurationPlatforms) = postSolution
		{97B10E3F-3F57-4924-A2A3-039BA9BC4936}.Debug|Any CPU.ActiveCfg = Debug|Any CPU
		{97B10E3F-3F57-4924-A2A3-039BA9BC4936}.Debug|Any CPU.Build.0 = Debug|Any CPU
		{97B10E3F-3F57-4924-A2A3-039BA9BC4936}.Release|Any CPU.ActiveCfg = Release|Any CPU
		{97B10E3F-3F57-4924-A2A3-039BA9BC4936}.Release|Any CPU.Build.0 = Release|Any CPU
	EndGlobalSection
	GlobalSection(SolutionProperties) = preSolution
		HideSolutionNode = FALSE
	EndGlobalSection
	GlobalSection(ExtensibilityGlobals) = postSolution
		SolutionGuid = {E2CBBEA0-83F5-4603-BA94-1D6F30AD312A}
	EndGlobalSection
EndGlobal
